
Microsoft Visual Studio Solution File, Format Version 12.00
# Visual Studio Version 17
VisualStudioVersion = 17.11.35327.3
MinimumVisualStudioVersion = 10.0.40219.1
Project("{FAE04EC0-301F-11D3-BF4B-00C04F79EFBC}") = "تمرین 3 فیوناچی با سی شارپ", "تمرین 3 فیوناچی با سی شارپ\تمرین 3 فیوناچی با سی شارپ.csproj", "{6F750244-71F9-479C-8DDB-E48C3DB1E7EC}"
EndProject
Global
	GlobalSection(SolutionConfigurationPlatforms) = preSolution
		Debug|Any CPU = Debug|Any CPU
		Release|Any CPU = Release|Any CPU
	EndGlobalSection
	GlobalSection(ProjectConfigurationPlatforms) = postSolution
		{6F750244-71F9-479C-8DDB-E48C3DB1E7EC}.Debug|Any CPU.ActiveCfg = Debug|Any CPU
		{6F750244-71F9-479C-8DDB-E48C3DB1E7EC}.Debug|Any CPU.Build.0 = Debug|Any CPU
		{6F750244-71F9-479C-8DDB-E48C3DB1E7EC}.Release|Any CPU.ActiveCfg = Release|Any CPU
		{6F750244-71F9-479C-8DDB-E48C3DB1E7EC}.Release|Any CPU.Build.0 = Release|Any CPU
	EndGlobalSection
	GlobalSection(SolutionProperties) = preSolution
		HideSolutionNode = FALSE
	EndGlobalSection
	GlobalSection(ExtensibilityGlobals) = postSolution
		SolutionGuid = {4C522EBD-2687-4B2B-887E-D1677653737A}
	EndGlobalSection
EndGlobal
